{
  "name": "@toolbox-sdk/server",
  "version": "0.21.3",
  "lockfileVersion": 3,
  "requires": true,
  "packages": {
    "": {
      "name": "@toolbox-sdk/server",
      "version": "0.21.3",
      "bin": {
        "toolbox": "bin/run.js"
      },
      "optionalDependencies": {
        "@toolbox-sdk/server-darwin-arm64": "0.21.1",
        "@toolbox-sdk/server-darwin-x64": "0.21.1",
        "@toolbox-sdk/server-linux-x64": "0.21.1",
        "@toolbox-sdk/server-win32-x64": "0.21.1"
      }
    },
    "node_modules/@toolbox-sdk/server-darwin-arm64": {
      "version": "0.21.1",
      "resolved": "https://registry.npmjs.org/@toolbox-sdk/server-darwin-arm64/-/server-darwin-arm64-0.21.1.tgz",
      "integrity": "sha512-s4q3Tv2t6Q+jfRglcPwJ/IgjaaODB+2dNC/k2evZCIyzL+LRaiWHCGg3WeqTt83Hf72V0rkHVhzK299LAOYG2Q==",
      "cpu": [
        "arm64"
      ],
      "optional": true,
      "os": [
        "darwin"
      ]
    },
    "node_modules/@toolbox-sdk/server-darwin-x64": {
      "version": "0.21.1",
      "resolved": "https://registry.npmjs.org/@toolbox-sdk/server-darwin-x64/-/server-darwin-x64-0.21.1.tgz",
      "integrity": "sha512-U+5EvY4rhMqhDr3ffxkp6/rK/Nz52swerDPz34632riW5O//CBSFmGbfoIRTCUUO3qO1WrRIPhJT2fxp5WKE0A==",
      "cpu": [
        "x64"
      ],
      "optional": true,
      "os": [
        "darwin"
      ]
    },
    "node_modules/@toolbox-sdk/server-linux-x64": {
      "version": "0.21.1",
      "resolved": "https://registry.npmjs.org/@toolbox-sdk/server-linux-x64/-/server-linux-x64-0.21.1.tgz",
      "integrity": "sha512-rg4KT8+moRf0fV0jR39gM+9IYyGI4KUXjozEWRh95pmbxD7t5EWaSyaa4rOBsLDzmVqwln55TkNl2svIB3VP+A==",
      "cpu": [
        "x64"
      ],
      "optional": true,
      "os": [
        "linux"
      ]
    },
    "node_modules/@toolbox-sdk/server-win32-x64": {
      "version": "0.21.1",
      "resolved": "https://registry.npmjs.org/@toolbox-sdk/server-win32-x64/-/server-win32-x64-0.21.1.tgz",
      "integrity": "sha512-iZAzz4Nv0QZnNF6wkKx2a9PDwcQ7XyoQCK4PGn7zPWo8GaFfkf36CoaFrrfPx/IH+Pe7trn4ojbYdFes7ZDdVA==",
      "cpu": [
        "x64"
      ],
      "optional": true,
      "os": [
        "win32"
      ]
    }
  }
}
