{
  "name": "@toolbox-sdk/server-win32-x64",
  "version": "0.21.1",
  "lockfileVersion": 3,
  "requires": true,
  "packages": {
    "": {
      "name": "@toolbox-sdk/server-win32-x64",
      "version": "0.21.1",
      "cpu": [
        "x64"
      ],
      "os": [
        "win32"
      ]
    }
  }
}
