{
  "name": "@toolbox-sdk/server-darwin-arm64",
  "version": "0.21.1",
  "lockfileVersion": 3,
  "requires": true,
  "packages": {
    "": {
      "name": "@toolbox-sdk/server-darwin-arm64",
      "version": "0.21.1",
      "cpu": [
        "arm64"
      ],
      "os": [
        "darwin"
      ]
    }
  }
}
